
Microsoft Visual Studio Solution File, Format Version 12.00
# Visual Studio Version 17
VisualStudioVersion = 17.5.33516.290
MinimumVisualStudioVersion = 10.0.40219.1
Project("{FAE04EC0-301F-11D3-BF4B-00C04F79EFBC}") = "QR Generator", "QR Generator\QR Generator.csproj", "{66017B82-FF7E-4E11-88D6-333927FF4DA1}"
EndProject
Global
	GlobalSection(SolutionConfigurationPlatforms) = preSolution
		Debug|Any CPU = Debug|Any CPU
		Release|Any CPU = Release|Any CPU
	EndGlobalSection
	GlobalSection(ProjectConfigurationPlatforms) = postSolution
		{66017B82-FF7E-4E11-88D6-333927FF4DA1}.Debug|Any CPU.ActiveCfg = Debug|Any CPU
		{66017B82-FF7E-4E11-88D6-333927FF4DA1}.Debug|Any CPU.Build.0 = Debug|Any CPU
		{66017B82-FF7E-4E11-88D6-333927FF4DA1}.Release|Any CPU.ActiveCfg = Release|Any CPU
		{66017B82-FF7E-4E11-88D6-333927FF4DA1}.Release|Any CPU.Build.0 = Release|Any CPU
	EndGlobalSection
	GlobalSection(SolutionProperties) = preSolution
		HideSolutionNode = FALSE
	EndGlobalSection
	GlobalSection(ExtensibilityGlobals) = postSolution
		SolutionGuid = {F7B66E7F-3FD4-43B1-8FFD-C603E31ABD5D}
	EndGlobalSection
EndGlobal
